
Microsoft Visual Studio Solution File, Format Version 12.00
# Visual Studio Version 17
VisualStudioVersion = 17.7.34031.279
MinimumVisualStudioVersion = 10.0.40219.1
Project("{FAE04EC0-301F-11D3-BF4B-00C04F79EFBC}") = "WebApplication1", "WebApplication1\WebApplication1.csproj", "{9F500125-C3D4-44B5-982C-A59D31FB6CD2}"
EndProject
Global
	GlobalSection(SolutionConfigurationPlatforms) = preSolution
		Debug|Any CPU = Debug|Any CPU
		Release|Any CPU = Release|Any CPU
	EndGlobalSection
	GlobalSection(ProjectConfigurationPlatforms) = postSolution
		{9F500125-C3D4-44B5-982C-A59D31FB6CD2}.Debug|Any CPU.ActiveCfg = Debug|Any CPU
		{9F500125-C3D4-44B5-982C-A59D31FB6CD2}.Debug|Any CPU.Build.0 = Debug|Any CPU
		{9F500125-C3D4-44B5-982C-A59D31FB6CD2}.Release|Any CPU.ActiveCfg = Release|Any CPU
		{9F500125-C3D4-44B5-982C-A59D31FB6CD2}.Release|Any CPU.Build.0 = Release|Any CPU
	EndGlobalSection
	GlobalSection(SolutionProperties) = preSolution
		HideSolutionNode = FALSE
	EndGlobalSection
	GlobalSection(ExtensibilityGlobals) = postSolution
		SolutionGuid = {D2952397-B2EA-4130-81AB-69F11EDC39D8}
	EndGlobalSection
EndGlobal
